
Microsoft Visual Studio Solution File, Format Version 12.00
# Visual Studio Version 16
VisualStudioVersion = 16.0.29911.84
MinimumVisualStudioVersion = 10.0.40219.1
Project("{FAE04EC0-301F-11D3-BF4B-00C04F79EFBC}") = "StaticWebSiteMVC", "StaticWebSiteMVC\StaticWebSiteMVC.csproj", "{3CF67BFB-6AD2-4E00-B733-3D9F36B06B52}"
EndProject
Global
	GlobalSection(SolutionConfigurationPlatforms) = preSolution
		Debug|Any CPU = Debug|Any CPU
		Release|Any CPU = Release|Any CPU
	EndGlobalSection
	GlobalSection(ProjectConfigurationPlatforms) = postSolution
		{3CF67BFB-6AD2-4E00-B733-3D9F36B06B52}.Debug|Any CPU.ActiveCfg = Debug|Any CPU
		{3CF67BFB-6AD2-4E00-B733-3D9F36B06B52}.Debug|Any CPU.Build.0 = Debug|Any CPU
		{3CF67BFB-6AD2-4E00-B733-3D9F36B06B52}.Release|Any CPU.ActiveCfg = Release|Any CPU
		{3CF67BFB-6AD2-4E00-B733-3D9F36B06B52}.Release|Any CPU.Build.0 = Release|Any CPU
	EndGlobalSection
	GlobalSection(SolutionProperties) = preSolution
		HideSolutionNode = FALSE
	EndGlobalSection
	GlobalSection(ExtensibilityGlobals) = postSolution
		SolutionGuid = {D69E4F94-AC6B-4621-8F31-18C910A82B34}
	EndGlobalSection
EndGlobal
